
Microsoft Visual Studio Solution File, Format Version 12.00
# Visual Studio Version 17
VisualStudioVersion = 17.9.34728.123
MinimumVisualStudioVersion = 10.0.40219.1
Project("{FAE04EC0-301F-11D3-BF4B-00C04F79EFBC}") = "programozasi_tetelek", "programozasi_tetelek.csproj", "{DAAA8CB7-D67D-4C6E-A400-3B07657A02F5}"
EndProject
Global
	GlobalSection(SolutionConfigurationPlatforms) = preSolution
		Debug|Any CPU = Debug|Any CPU
		Release|Any CPU = Release|Any CPU
	EndGlobalSection
	GlobalSection(ProjectConfigurationPlatforms) = postSolution
		{DAAA8CB7-D67D-4C6E-A400-3B07657A02F5}.Debug|Any CPU.ActiveCfg = Debug|Any CPU
		{DAAA8CB7-D67D-4C6E-A400-3B07657A02F5}.Debug|Any CPU.Build.0 = Debug|Any CPU
		{DAAA8CB7-D67D-4C6E-A400-3B07657A02F5}.Release|Any CPU.ActiveCfg = Release|Any CPU
		{DAAA8CB7-D67D-4C6E-A400-3B07657A02F5}.Release|Any CPU.Build.0 = Release|Any CPU
	EndGlobalSection
	GlobalSection(SolutionProperties) = preSolution
		HideSolutionNode = FALSE
	EndGlobalSection
	GlobalSection(ExtensibilityGlobals) = postSolution
		SolutionGuid = {AEBD4FD0-25E4-4590-9F3D-05F037449114}
	EndGlobalSection
EndGlobal
